
Microsoft Visual Studio Solution File, Format Version 12.00
# Visual Studio Version 17
VisualStudioVersion = 17.5.33516.290
MinimumVisualStudioVersion = 10.0.40219.1
Project("{FAE04EC0-301F-11D3-BF4B-00C04F79EFBC}") = "BookAPI", "BookAPI\BookAPI.csproj", "{FE6A3B07-0F71-48C4-B163-4F4850BDF055}"
EndProject
Global
	GlobalSection(SolutionConfigurationPlatforms) = preSolution
		Debug|Any CPU = Debug|Any CPU
		Release|Any CPU = Release|Any CPU
	EndGlobalSection
	GlobalSection(ProjectConfigurationPlatforms) = postSolution
		{FE6A3B07-0F71-48C4-B163-4F4850BDF055}.Debug|Any CPU.ActiveCfg = Debug|Any CPU
		{FE6A3B07-0F71-48C4-B163-4F4850BDF055}.Debug|Any CPU.Build.0 = Debug|Any CPU
		{FE6A3B07-0F71-48C4-B163-4F4850BDF055}.Release|Any CPU.ActiveCfg = Release|Any CPU
		{FE6A3B07-0F71-48C4-B163-4F4850BDF055}.Release|Any CPU.Build.0 = Release|Any CPU
	EndGlobalSection
	GlobalSection(SolutionProperties) = preSolution
		HideSolutionNode = FALSE
	EndGlobalSection
	GlobalSection(ExtensibilityGlobals) = postSolution
		SolutionGuid = {F0750FF8-9FD7-4670-B7B7-35C78B3AD318}
	EndGlobalSection
EndGlobal
